
Microsoft Visual Studio Solution File, Format Version 12.00
# Visual Studio Version 17
VisualStudioVersion = 17.8.34408.163
MinimumVisualStudioVersion = 10.0.40219.1
Project("{2150E333-8FDC-42A3-9474-1A3956D46DE8}") = "Bootstrapper", "Bootstrapper", "{CA2AD0AB-5FE5-42DC-B2E7-234C8528222C}"
EndProject
Project("{2150E333-8FDC-42A3-9474-1A3956D46DE8}") = "Modules", "Modules", "{AB9C84E5-00FD-4CD9-8E78-56509429D969}"
EndProject
Project("{2150E333-8FDC-42A3-9474-1A3956D46DE8}") = "Shared", "Shared", "{99D593AF-B271-4C1B-A6FD-181E67CA6BBA}"
EndProject
Project("{9A19103F-16F7-4668-BE54-9A1E7A4F7556}") = "Api", "Bootstrapper\Api\Api.csproj", "{5BA27550-EB68-49F4-ACAF-5DC8A8791F98}"
EndProject
Project("{2150E333-8FDC-42A3-9474-1A3956D46DE8}") = "Catalog", "Catalog", "{1624A277-6D5F-4916-B909-E16690074549}"
EndProject
Project("{2150E333-8FDC-42A3-9474-1A3956D46DE8}") = "Basket", "Basket", "{3547569B-BC97-4951-9DE1-8E14DE63F767}"
EndProject
Project("{2150E333-8FDC-42A3-9474-1A3956D46DE8}") = "Ordering", "Ordering", "{64C09CF7-6078-45BD-BCF6-1CEE11E2C062}"
EndProject
Project("{9A19103F-16F7-4668-BE54-9A1E7A4F7556}") = "Catalog", "Modules\Catalog\Catalog\Catalog.csproj", "{F90E690D-4A01-4C59-A322-0B8FC5F3AE7A}"
EndProject
Project("{9A19103F-16F7-4668-BE54-9A1E7A4F7556}") = "Basket", "Modules\Basket\Basket\Basket.csproj", "{428A7291-9A1F-45BD-91C8-058624E5DAAA}"
EndProject
Project("{9A19103F-16F7-4668-BE54-9A1E7A4F7556}") = "Ordering", "Modules\Ordering\Ordering\Ordering.csproj", "{F1757B51-42E0-451B-AD33-DD23DC1FA5FE}"
EndProject
Project("{9A19103F-16F7-4668-BE54-9A1E7A4F7556}") = "Shared", "Shared\Shared\Shared.csproj", "{53CC4E69-0CEB-4B4F-A4C3-481F48C5E811}"
EndProject
Project("{E53339B2-1760-4266-BCC7-CA923CBCF16C}") = "docker-compose", "docker-compose.dcproj", "{E3C4E2B0-356A-441A-9E77-5477DB9EBF31}"
EndProject
Global
	GlobalSection(SolutionConfigurationPlatforms) = preSolution
		Debug|Any CPU = Debug|Any CPU
		Release|Any CPU = Release|Any CPU
	EndGlobalSection
	GlobalSection(ProjectConfigurationPlatforms) = postSolution
		{5BA27550-EB68-49F4-ACAF-5DC8A8791F98}.Debug|Any CPU.ActiveCfg = Debug|Any CPU
		{5BA27550-EB68-49F4-ACAF-5DC8A8791F98}.Debug|Any CPU.Build.0 = Debug|Any CPU
		{5BA27550-EB68-49F4-ACAF-5DC8A8791F98}.Release|Any CPU.ActiveCfg = Release|Any CPU
		{5BA27550-EB68-49F4-ACAF-5DC8A8791F98}.Release|Any CPU.Build.0 = Release|Any CPU
		{F90E690D-4A01-4C59-A322-0B8FC5F3AE7A}.Debug|Any CPU.ActiveCfg = Debug|Any CPU
		{F90E690D-4A01-4C59-A322-0B8FC5F3AE7A}.Debug|Any CPU.Build.0 = Debug|Any CPU
		{F90E690D-4A01-4C59-A322-0B8FC5F3AE7A}.Release|Any CPU.ActiveCfg = Release|Any CPU
		{F90E690D-4A01-4C59-A322-0B8FC5F3AE7A}.Release|Any CPU.Build.0 = Release|Any CPU
		{428A7291-9A1F-45BD-91C8-058624E5DAAA}.Debug|Any CPU.ActiveCfg = Debug|Any CPU
		{428A7291-9A1F-45BD-91C8-058624E5DAAA}.Debug|Any CPU.Build.0 = Debug|Any CPU
		{428A7291-9A1F-45BD-91C8-058624E5DAAA}.Release|Any CPU.ActiveCfg = Release|Any CPU
		{428A7291-9A1F-45BD-91C8-058624E5DAAA}.Release|Any CPU.Build.0 = Release|Any CPU
		{F1757B51-42E0-451B-AD33-DD23DC1FA5FE}.Debug|Any CPU.ActiveCfg = Debug|Any CPU
		{F1757B51-42E0-451B-AD33-DD23DC1FA5FE}.Debug|Any CPU.Build.0 = Debug|Any CPU
		{F1757B51-42E0-451B-AD33-DD23DC1FA5FE}.Release|Any CPU.ActiveCfg = Release|Any CPU
		{F1757B51-42E0-451B-AD33-DD23DC1FA5FE}.Release|Any CPU.Build.0 = Release|Any CPU
		{53CC4E69-0CEB-4B4F-A4C3-481F48C5E811}.Debug|Any CPU.ActiveCfg = Debug|Any CPU
		{53CC4E69-0CEB-4B4F-A4C3-481F48C5E811}.Debug|Any CPU.Build.0 = Debug|Any CPU
		{53CC4E69-0CEB-4B4F-A4C3-481F48C5E811}.Release|Any CPU.ActiveCfg = Release|Any CPU
		{53CC4E69-0CEB-4B4F-A4C3-481F48C5E811}.Release|Any CPU.Build.0 = Release|Any CPU
		{E3C4E2B0-356A-441A-9E77-5477DB9EBF31}.Debug|Any CPU.ActiveCfg = Debug|Any CPU
		{E3C4E2B0-356A-441A-9E77-5477DB9EBF31}.Debug|Any CPU.Build.0 = Debug|Any CPU
		{E3C4E2B0-356A-441A-9E77-5477DB9EBF31}.Release|Any CPU.ActiveCfg = Release|Any CPU
		{E3C4E2B0-356A-441A-9E77-5477DB9EBF31}.Release|Any CPU.Build.0 = Release|Any CPU
	EndGlobalSection
	GlobalSection(SolutionProperties) = preSolution
		HideSolutionNode = FALSE
	EndGlobalSection
	GlobalSection(NestedProjects) = preSolution
		{5BA27550-EB68-49F4-ACAF-5DC8A8791F98} = {CA2AD0AB-5FE5-42DC-B2E7-234C8528222C}
		{1624A277-6D5F-4916-B909-E16690074549} = {AB9C84E5-00FD-4CD9-8E78-56509429D969}
		{3547569B-BC97-4951-9DE1-8E14DE63F767} = {AB9C84E5-00FD-4CD9-8E78-56509429D969}
		{64C09CF7-6078-45BD-BCF6-1CEE11E2C062} = {AB9C84E5-00FD-4CD9-8E78-56509429D969}
		{F90E690D-4A01-4C59-A322-0B8FC5F3AE7A} = {1624A277-6D5F-4916-B909-E16690074549}
		{428A7291-9A1F-45BD-91C8-058624E5DAAA} = {3547569B-BC97-4951-9DE1-8E14DE63F767}
		{F1757B51-42E0-451B-AD33-DD23DC1FA5FE} = {64C09CF7-6078-45BD-BCF6-1CEE11E2C062}
		{53CC4E69-0CEB-4B4F-A4C3-481F48C5E811} = {99D593AF-B271-4C1B-A6FD-181E67CA6BBA}
	EndGlobalSection
	GlobalSection(ExtensibilityGlobals) = postSolution
		SolutionGuid = {77F97A07-5E8A-45A1-A782-7454FC0291F5}
	EndGlobalSection
EndGlobal
